
Microsoft Visual Studio Solution File, Format Version 12.00
# Visual Studio Version 16
VisualStudioVersion = 16.0.29326.143
MinimumVisualStudioVersion = 10.0.40219.1
Project("{9A19103F-16F7-4668-BE54-9A1E7A4F7556}") = "WebLearn", "WebLearn\WebLearn.csproj", "{82D220A8-CEA2-43CC-9D5D-BDEC043DFD37}"
EndProject
Project("{9A19103F-16F7-4668-BE54-9A1E7A4F7556}") = "RazorPagesMovie", "RazorPagesMovie\RazorPagesMovie.csproj", "{EE56B663-003B-46F1-BA33-EFB0D96A555B}"
EndProject
Project("{9A19103F-16F7-4668-BE54-9A1E7A4F7556}") = "EFCoreLearn", "EFCoreLearn\EFCoreLearn.csproj", "{4A2AF54F-6D3B-4CF5-BB2A-2CEC9B972B7E}"
EndProject
Project("{9A19103F-16F7-4668-BE54-9A1E7A4F7556}") = "MvcMovie", "MvcMovie\MvcMovie.csproj", "{9CAA7694-DABF-4D0F-A196-30462E4AC945}"
EndProject
Project("{9A19103F-16F7-4668-BE54-9A1E7A4F7556}") = "ContosoUniversity", "ContosoUniversity\ContosoUniversity.csproj", "{416FE397-34F1-46E4-8D0E-1CEDFFA16904}"
EndProject
Global
	GlobalSection(SolutionConfigurationPlatforms) = preSolution
		Debug|Any CPU = Debug|Any CPU
		Release|Any CPU = Release|Any CPU
	EndGlobalSection
	GlobalSection(ProjectConfigurationPlatforms) = postSolution
		{82D220A8-CEA2-43CC-9D5D-BDEC043DFD37}.Debug|Any CPU.ActiveCfg = Debug|Any CPU
		{82D220A8-CEA2-43CC-9D5D-BDEC043DFD37}.Debug|Any CPU.Build.0 = Debug|Any CPU
		{82D220A8-CEA2-43CC-9D5D-BDEC043DFD37}.Release|Any CPU.ActiveCfg = Release|Any CPU
		{82D220A8-CEA2-43CC-9D5D-BDEC043DFD37}.Release|Any CPU.Build.0 = Release|Any CPU
		{EE56B663-003B-46F1-BA33-EFB0D96A555B}.Debug|Any CPU.ActiveCfg = Debug|Any CPU
		{EE56B663-003B-46F1-BA33-EFB0D96A555B}.Debug|Any CPU.Build.0 = Debug|Any CPU
		{EE56B663-003B-46F1-BA33-EFB0D96A555B}.Release|Any CPU.ActiveCfg = Release|Any CPU
		{EE56B663-003B-46F1-BA33-EFB0D96A555B}.Release|Any CPU.Build.0 = Release|Any CPU
		{4A2AF54F-6D3B-4CF5-BB2A-2CEC9B972B7E}.Debug|Any CPU.ActiveCfg = Debug|Any CPU
		{4A2AF54F-6D3B-4CF5-BB2A-2CEC9B972B7E}.Debug|Any CPU.Build.0 = Debug|Any CPU
		{4A2AF54F-6D3B-4CF5-BB2A-2CEC9B972B7E}.Release|Any CPU.ActiveCfg = Release|Any CPU
		{4A2AF54F-6D3B-4CF5-BB2A-2CEC9B972B7E}.Release|Any CPU.Build.0 = Release|Any CPU
		{9CAA7694-DABF-4D0F-A196-30462E4AC945}.Debug|Any CPU.ActiveCfg = Debug|Any CPU
		{9CAA7694-DABF-4D0F-A196-30462E4AC945}.Debug|Any CPU.Build.0 = Debug|Any CPU
		{9CAA7694-DABF-4D0F-A196-30462E4AC945}.Release|Any CPU.ActiveCfg = Release|Any CPU
		{9CAA7694-DABF-4D0F-A196-30462E4AC945}.Release|Any CPU.Build.0 = Release|Any CPU
		{416FE397-34F1-46E4-8D0E-1CEDFFA16904}.Debug|Any CPU.ActiveCfg = Debug|Any CPU
		{416FE397-34F1-46E4-8D0E-1CEDFFA16904}.Debug|Any CPU.Build.0 = Debug|Any CPU
		{416FE397-34F1-46E4-8D0E-1CEDFFA16904}.Release|Any CPU.ActiveCfg = Release|Any CPU
		{416FE397-34F1-46E4-8D0E-1CEDFFA16904}.Release|Any CPU.Build.0 = Release|Any CPU
	EndGlobalSection
	GlobalSection(SolutionProperties) = preSolution
		HideSolutionNode = FALSE
	EndGlobalSection
	GlobalSection(ExtensibilityGlobals) = postSolution
		SolutionGuid = {545BA1BC-C745-4B6F-BDCE-21E9B65232C6}
	EndGlobalSection
EndGlobal
