
Microsoft Visual Studio Solution File, Format Version 12.00
# Visual Studio Version 16
VisualStudioVersion = 16.0.29326.143
MinimumVisualStudioVersion = 10.0.40219.1
Project("{9A19103F-16F7-4668-BE54-9A1E7A4F7556}") = "WebLearn", "WebLearn\WebLearn.csproj", "{82D220A8-CEA2-43CC-9D5D-BDEC043DFD37}"
EndProject
Project("{FAE04EC0-301F-11D3-BF4B-00C04F79EFBC}") = "RazorPagesMovie", "RazorPagesMovie\RazorPagesMovie.csproj", "{EE56B663-003B-46F1-BA33-EFB0D96A555B}"
EndProject
Project("{FAE04EC0-301F-11D3-BF4B-00C04F79EFBC}") = "MvcMovie", "MvcMovie\MvcMovie.csproj", "{74CE7C24-089B-44D4-83F7-C0CC0D2B9A22}"
EndProject
Project("{FAE04EC0-301F-11D3-BF4B-00C04F79EFBC}") = "ContosoUniversity", "ContosoUniversity\ContosoUniversity.csproj", "{6A82D6B4-E3AC-48D9-B9C6-745C2C013B16}"
EndProject
Project("{FAE04EC0-301F-11D3-BF4B-00C04F79EFBC}") = "EFLearn", "EFLearn\EFLearn.csproj", "{4CD6EE8E-F401-4003-998D-94924A4739DF}"
EndProject
Global
	GlobalSection(SolutionConfigurationPlatforms) = preSolution
		Debug|Any CPU = Debug|Any CPU
		Release|Any CPU = Release|Any CPU
	EndGlobalSection
	GlobalSection(ProjectConfigurationPlatforms) = postSolution
		{82D220A8-CEA2-43CC-9D5D-BDEC043DFD37}.Debug|Any CPU.ActiveCfg = Debug|Any CPU
		{82D220A8-CEA2-43CC-9D5D-BDEC043DFD37}.Debug|Any CPU.Build.0 = Debug|Any CPU
		{82D220A8-CEA2-43CC-9D5D-BDEC043DFD37}.Release|Any CPU.ActiveCfg = Release|Any CPU
		{82D220A8-CEA2-43CC-9D5D-BDEC043DFD37}.Release|Any CPU.Build.0 = Release|Any CPU
		{EE56B663-003B-46F1-BA33-EFB0D96A555B}.Debug|Any CPU.ActiveCfg = Debug|Any CPU
		{EE56B663-003B-46F1-BA33-EFB0D96A555B}.Debug|Any CPU.Build.0 = Debug|Any CPU
		{EE56B663-003B-46F1-BA33-EFB0D96A555B}.Release|Any CPU.ActiveCfg = Release|Any CPU
		{EE56B663-003B-46F1-BA33-EFB0D96A555B}.Release|Any CPU.Build.0 = Release|Any CPU
		{74CE7C24-089B-44D4-83F7-C0CC0D2B9A22}.Debug|Any CPU.ActiveCfg = Debug|Any CPU
		{74CE7C24-089B-44D4-83F7-C0CC0D2B9A22}.Debug|Any CPU.Build.0 = Debug|Any CPU
		{74CE7C24-089B-44D4-83F7-C0CC0D2B9A22}.Release|Any CPU.ActiveCfg = Release|Any CPU
		{74CE7C24-089B-44D4-83F7-C0CC0D2B9A22}.Release|Any CPU.Build.0 = Release|Any CPU
		{6A82D6B4-E3AC-48D9-B9C6-745C2C013B16}.Debug|Any CPU.ActiveCfg = Debug|Any CPU
		{6A82D6B4-E3AC-48D9-B9C6-745C2C013B16}.Debug|Any CPU.Build.0 = Debug|Any CPU
		{6A82D6B4-E3AC-48D9-B9C6-745C2C013B16}.Release|Any CPU.ActiveCfg = Release|Any CPU
		{6A82D6B4-E3AC-48D9-B9C6-745C2C013B16}.Release|Any CPU.Build.0 = Release|Any CPU
		{4CD6EE8E-F401-4003-998D-94924A4739DF}.Debug|Any CPU.ActiveCfg = Debug|Any CPU
		{4CD6EE8E-F401-4003-998D-94924A4739DF}.Debug|Any CPU.Build.0 = Debug|Any CPU
		{4CD6EE8E-F401-4003-998D-94924A4739DF}.Release|Any CPU.ActiveCfg = Release|Any CPU
		{4CD6EE8E-F401-4003-998D-94924A4739DF}.Release|Any CPU.Build.0 = Release|Any CPU
	EndGlobalSection
	GlobalSection(SolutionProperties) = preSolution
		HideSolutionNode = FALSE
	EndGlobalSection
	GlobalSection(ExtensibilityGlobals) = postSolution
		SolutionGuid = {545BA1BC-C745-4B6F-BDCE-21E9B65232C6}
	EndGlobalSection
EndGlobal
