
Microsoft Visual Studio Solution File, Format Version 12.00
# Visual Studio Version 16
VisualStudioVersion = 16.0.29326.143
MinimumVisualStudioVersion = 10.0.40219.1
Project("{FAE04EC0-301F-11D3-BF4B-00C04F79EFBC}") = "WebLearn", "WebLearn\WebLearn.csproj", "{82D220A8-CEA2-43CC-9D5D-BDEC043DFD37}"
EndProject
Global
	GlobalSection(SolutionConfigurationPlatforms) = preSolution
		Debug|Any CPU = Debug|Any CPU
		Release|Any CPU = Release|Any CPU
	EndGlobalSection
	GlobalSection(ProjectConfigurationPlatforms) = postSolution
		{82D220A8-CEA2-43CC-9D5D-BDEC043DFD37}.Debug|Any CPU.ActiveCfg = Debug|Any CPU
		{82D220A8-CEA2-43CC-9D5D-BDEC043DFD37}.Debug|Any CPU.Build.0 = Debug|Any CPU
		{82D220A8-CEA2-43CC-9D5D-BDEC043DFD37}.Release|Any CPU.ActiveCfg = Release|Any CPU
		{82D220A8-CEA2-43CC-9D5D-BDEC043DFD37}.Release|Any CPU.Build.0 = Release|Any CPU
	EndGlobalSection
	GlobalSection(SolutionProperties) = preSolution
		HideSolutionNode = FALSE
	EndGlobalSection
	GlobalSection(ExtensibilityGlobals) = postSolution
		SolutionGuid = {545BA1BC-C745-4B6F-BDCE-21E9B65232C6}
	EndGlobalSection
EndGlobal
